// !$*UTF8*$!
{
	archiveVersion = 1;
	classes = {
	};
	objectVersion = 46;
	objects = {

/* Begin PBXBuildFile section */
		1AA549701E4BB4BE001F9D43 /* VenueInterfaceController.swift in Sources */ = {isa = PBXBuildFile; fileRef = 1AA5496F1E4BB4BE001F9D43 /* VenueInterfaceController.swift */; };
		F60A02B91E4601180050B7BA /* StoreKit.framework in Frameworks */ = {isa = PBXBuildFile; fileRef = F60A02B81E4601180050B7BA /* StoreKit.framework */; };
		F60A02CF1E461F1C0050B7BA /* TBConfFramework.framework in Frameworks */ = {isa = PBXBuildFile; fileRef = F60A02C61E461F1B0050B7BA /* TBConfFramework.framework */; };
		F60A02D61E461F1C0050B7BA /* TBConfFrameworkTests.swift in Sources */ = {isa = PBXBuildFile; fileRef = F60A02D51E461F1C0050B7BA /* TBConfFrameworkTests.swift */; };
		F60A02D81E461F1C0050B7BA /* TBConfFramework.h in Headers */ = {isa = PBXBuildFile; fileRef = F60A02C81E461F1B0050B7BA /* TBConfFramework.h */; settings = {ATTRIBUTES = (Public, ); }; };
		F60A02DB1E461F1C0050B7BA /* TBConfFramework.framework in Frameworks */ = {isa = PBXBuildFile; fileRef = F60A02C61E461F1B0050B7BA /* TBConfFramework.framework */; };
		F60A02DC1E461F1C0050B7BA /* TBConfFramework.framework in Embed Frameworks */ = {isa = PBXBuildFile; fileRef = F60A02C61E461F1B0050B7BA /* TBConfFramework.framework */; settings = {ATTRIBUTES = (CodeSignOnCopy, RemoveHeadersOnCopy, ); }; };
		F60A02E41E461F2B0050B7BA /* Speaker.swift in Sources */ = {isa = PBXBuildFile; fileRef = F60A02BB1E460E740050B7BA /* Speaker.swift */; };
		F60A02E51E461F2F0050B7BA /* CloudKitManager.swift in Sources */ = {isa = PBXBuildFile; fileRef = F60A02BD1E46103F0050B7BA /* CloudKitManager.swift */; };
		F60A02E61E461F3A0050B7BA /* Log.swift in Sources */ = {isa = PBXBuildFile; fileRef = F60A02BF1E4616970050B7BA /* Log.swift */; };
		F60A02E71E4621040050B7BA /* CloudKit.framework in Frameworks */ = {isa = PBXBuildFile; fileRef = F67E529F1E452075004518B6 /* CloudKit.framework */; };
		F60A02E91E4623280050B7BA /* ScheduleItem.swift in Sources */ = {isa = PBXBuildFile; fileRef = F60A02E81E4623280050B7BA /* ScheduleItem.swift */; };
		F60A02EB1E46260D0050B7BA /* ScheduleViewController.swift in Sources */ = {isa = PBXBuildFile; fileRef = F60A02EA1E46260C0050B7BA /* ScheduleViewController.swift */; };
		F60A02ED1E4633E60050B7BA /* ScheduleTableViewCell.swift in Sources */ = {isa = PBXBuildFile; fileRef = F60A02EC1E4633E60050B7BA /* ScheduleTableViewCell.swift */; };
		F60A02EF1E4633F80050B7BA /* ScheduleSpeakerTableViewCell.swift in Sources */ = {isa = PBXBuildFile; fileRef = F60A02EE1E4633F80050B7BA /* ScheduleSpeakerTableViewCell.swift */; };
		F60A02F11E4653310050B7BA /* SpeakerTableViewCell.swift in Sources */ = {isa = PBXBuildFile; fileRef = F60A02F01E4653310050B7BA /* SpeakerTableViewCell.swift */; };
		F60A02F31E4653450050B7BA /* SpeakersViewController.swift in Sources */ = {isa = PBXBuildFile; fileRef = F60A02F21E4653450050B7BA /* SpeakersViewController.swift */; };
		F61782BC1E4728D100462509 /* Interface.storyboard in Resources */ = {isa = PBXBuildFile; fileRef = F61782BA1E4728D100462509 /* Interface.storyboard */; };
		F61782BE1E4728D100462509 /* Assets.xcassets in Resources */ = {isa = PBXBuildFile; fileRef = F61782BD1E4728D100462509 /* Assets.xcassets */; };
		F61782C51E4728D200462509 /* iOS.Conf Extension.appex in Embed App Extensions */ = {isa = PBXBuildFile; fileRef = F61782C41E4728D200462509 /* iOS.Conf Extension.appex */; settings = {ATTRIBUTES = (RemoveHeadersOnCopy, ); }; };
		F61782CA1E4728D200462509 /* InterfaceController.swift in Sources */ = {isa = PBXBuildFile; fileRef = F61782C91E4728D200462509 /* InterfaceController.swift */; };
		F61782CC1E4728D200462509 /* ExtensionDelegate.swift in Sources */ = {isa = PBXBuildFile; fileRef = F61782CB1E4728D200462509 /* ExtensionDelegate.swift */; };
		F61782CE1E4728D200462509 /* Assets.xcassets in Resources */ = {isa = PBXBuildFile; fileRef = F61782CD1E4728D200462509 /* Assets.xcassets */; };
		F61782D21E4728D200462509 /* iOS.Conf.app in Embed Watch Content */ = {isa = PBXBuildFile; fileRef = F61782B81E4728D100462509 /* iOS.Conf.app */; };
		F61782E21E4728F900462509 /* CloudKit.framework in Frameworks */ = {isa = PBXBuildFile; fileRef = F61782E11E4728F900462509 /* CloudKit.framework */; };
		F61782EC1E472A6500462509 /* TBConfFrameworkWatch.h in Headers */ = {isa = PBXBuildFile; fileRef = F61782EA1E472A6500462509 /* TBConfFrameworkWatch.h */; settings = {ATTRIBUTES = (Public, ); }; };
		F61782EF1E472A6500462509 /* TBConfFrameworkWatch.framework in Frameworks */ = {isa = PBXBuildFile; fileRef = F61782E81E472A6400462509 /* TBConfFrameworkWatch.framework */; };
		F61782F01E472A6500462509 /* TBConfFrameworkWatch.framework in Embed Frameworks */ = {isa = PBXBuildFile; fileRef = F61782E81E472A6400462509 /* TBConfFrameworkWatch.framework */; settings = {ATTRIBUTES = (CodeSignOnCopy, RemoveHeadersOnCopy, ); }; };
		F61782F71E472A7F00462509 /* CloudKit.framework in Frameworks */ = {isa = PBXBuildFile; fileRef = F61782E11E4728F900462509 /* CloudKit.framework */; };
		F61782F81E472A8A00462509 /* Log.swift in Sources */ = {isa = PBXBuildFile; fileRef = F60A02BF1E4616970050B7BA /* Log.swift */; };
		F61782F91E472A8D00462509 /* Speaker.swift in Sources */ = {isa = PBXBuildFile; fileRef = F60A02BB1E460E740050B7BA /* Speaker.swift */; };
		F61782FA1E472A9000462509 /* CloudKitManager.swift in Sources */ = {isa = PBXBuildFile; fileRef = F60A02BD1E46103F0050B7BA /* CloudKitManager.swift */; };
		F61782FB1E472A9300462509 /* ScheduleItem.swift in Sources */ = {isa = PBXBuildFile; fileRef = F60A02E81E4623280050B7BA /* ScheduleItem.swift */; };
		F61782FD1E47313A00462509 /* ScheduleRowController.swift in Sources */ = {isa = PBXBuildFile; fileRef = F61782FC1E47313A00462509 /* ScheduleRowController.swift */; };
		F61783011E475AE100462509 /* TalkRowController.swift in Sources */ = {isa = PBXBuildFile; fileRef = F61783001E475AE100462509 /* TalkRowController.swift */; };
		F67E52941E4515BC004518B6 /* LaunchViewController.swift in Sources */ = {isa = PBXBuildFile; fileRef = F67E52931E4515BC004518B6 /* LaunchViewController.swift */; };
		F67E52971E451835004518B6 /* GradientView.swift in Sources */ = {isa = PBXBuildFile; fileRef = F67E52961E451835004518B6 /* GradientView.swift */; };
		F67E52991E45188F004518B6 /* ConstraintsHandler.swift in Sources */ = {isa = PBXBuildFile; fileRef = F67E52981E45188F004518B6 /* ConstraintsHandler.swift */; };
		F67E529C1E451B04004518B6 /* taxibeat.ttf in Resources */ = {isa = PBXBuildFile; fileRef = F67E529B1E451B04004518B6 /* taxibeat.ttf */; };
		F67E52A01E452075004518B6 /* CloudKit.framework in Frameworks */ = {isa = PBXBuildFile; fileRef = F67E529F1E452075004518B6 /* CloudKit.framework */; };
		F67E52A21E4536D0004518B6 /* ConferenceViewController.swift in Sources */ = {isa = PBXBuildFile; fileRef = F67E52A11E4536D0004518B6 /* ConferenceViewController.swift */; };
		F67E52A41E454414004518B6 /* UIImageHelpers.swift in Sources */ = {isa = PBXBuildFile; fileRef = F67E52A31E454414004518B6 /* UIImageHelpers.swift */; };
		F67E52A61E454CA3004518B6 /* ConferenceTabBarViewController.swift in Sources */ = {isa = PBXBuildFile; fileRef = F67E52A51E454CA3004518B6 /* ConferenceTabBarViewController.swift */; };
		F67E52A81E45D17D004518B6 /* MapKit.framework in Frameworks */ = {isa = PBXBuildFile; fileRef = F67E52A71E45D17D004518B6 /* MapKit.framework */; };
		F67E52AA1E45D21C004518B6 /* VenueViewController.swift in Sources */ = {isa = PBXBuildFile; fileRef = F67E52A91E45D21C004518B6 /* VenueViewController.swift */; };
		F69DC33A1E4A576B00E55742 /* EventKit.framework in Frameworks */ = {isa = PBXBuildFile; fileRef = F69DC3391E4A576B00E55742 /* EventKit.framework */; };
		F69DC33C1E4A594500E55742 /* DateExtensions.swift in Sources */ = {isa = PBXBuildFile; fileRef = F69DC33B1E4A594500E55742 /* DateExtensions.swift */; };
		F6AA7F421E43B8CC007C55E0 /* AppDelegate.swift in Sources */ = {isa = PBXBuildFile; fileRef = F6AA7F411E43B8CC007C55E0 /* AppDelegate.swift */; };
		F6AA7F491E43B8CC007C55E0 /* Main.storyboard in Resources */ = {isa = PBXBuildFile; fileRef = F6AA7F471E43B8CC007C55E0 /* Main.storyboard */; };
		F6AA7F4B1E43B8CC007C55E0 /* Assets.xcassets in Resources */ = {isa = PBXBuildFile; fileRef = F6AA7F4A1E43B8CC007C55E0 /* Assets.xcassets */; };
		F6AA7F4E1E43B8CC007C55E0 /* LaunchScreen.storyboard in Resources */ = {isa = PBXBuildFile; fileRef = F6AA7F4C1E43B8CC007C55E0 /* LaunchScreen.storyboard */; };
		F6AA7F591E43B8CD007C55E0 /* iOSConfTests.swift in Sources */ = {isa = PBXBuildFile; fileRef = F6AA7F581E43B8CD007C55E0 /* iOSConfTests.swift */; };
		F6AA7F641E43B8CD007C55E0 /* iOSConfUITests.swift in Sources */ = {isa = PBXBuildFile; fileRef = F6AA7F631E43B8CD007C55E0 /* iOSConfUITests.swift */; };
		F6FFFD681E5387D700B8FFDA /* SafariServices.framework in Frameworks */ = {isa = PBXBuildFile; fileRef = F6FFFD671E5387D700B8FFDA /* SafariServices.framework */; };
/* End PBXBuildFile section */

/* Begin PBXContainerItemProxy section */
		F60A02D01E461F1C0050B7BA /* PBXContainerItemProxy */ = {
			isa = PBXContainerItemProxy;
			containerPortal = F6AA7F361E43B8CC007C55E0 /* Project object */;
			proxyType = 1;
			remoteGlobalIDString = F60A02C51E461F1B0050B7BA;
			remoteInfo = TBConfFramework;
		};
		F60A02D21E461F1C0050B7BA /* PBXContainerItemProxy */ = {
			isa = PBXContainerItemProxy;
			containerPortal = F6AA7F361E43B8CC007C55E0 /* Project object */;
			proxyType = 1;
			remoteGlobalIDString = F6AA7F3D1E43B8CC007C55E0;
			remoteInfo = iOSConf;
		};
		F60A02D91E461F1C0050B7BA /* PBXContainerItemProxy */ = {
			isa = PBXContainerItemProxy;
			containerPortal = F6AA7F361E43B8CC007C55E0 /* Project object */;
			proxyType = 1;
			remoteGlobalIDString = F60A02C51E461F1B0050B7BA;
			remoteInfo = TBConfFramework;
		};
		F61782C61E4728D200462509 /* PBXContainerItemProxy */ = {
			isa = PBXContainerItemProxy;
			containerPortal = F6AA7F361E43B8CC007C55E0 /* Project object */;
			proxyType = 1;
			remoteGlobalIDString = F61782C31E4728D200462509;
			remoteInfo = "iOS.Conf Extension";
		};
		F61782D01E4728D200462509 /* PBXContainerItemProxy */ = {
			isa = PBXContainerItemProxy;
			containerPortal = F6AA7F361E43B8CC007C55E0 /* Project object */;
			proxyType = 1;
			remoteGlobalIDString = F61782B71E4728D100462509;
			remoteInfo = iOS.Conf;
		};
		F61782ED1E472A6500462509 /* PBXContainerItemProxy */ = {
			isa = PBXContainerItemProxy;
			containerPortal = F6AA7F361E43B8CC007C55E0 /* Project object */;
			proxyType = 1;
			remoteGlobalIDString = F61782E71E472A6400462509;
			remoteInfo = TBConfFrameworkWatch;
		};
		F6AA7F551E43B8CD007C55E0 /* PBXContainerItemProxy */ = {
			isa = PBXContainerItemProxy;
			containerPortal = F6AA7F361E43B8CC007C55E0 /* Project object */;
			proxyType = 1;
			remoteGlobalIDString = F6AA7F3D1E43B8CC007C55E0;
			remoteInfo = iOSConf;
		};
		F6AA7F601E43B8CD007C55E0 /* PBXContainerItemProxy */ = {
			isa = PBXContainerItemProxy;
			containerPortal = F6AA7F361E43B8CC007C55E0 /* Project object */;
			proxyType = 1;
			remoteGlobalIDString = F6AA7F3D1E43B8CC007C55E0;
			remoteInfo = iOSConf;
		};
/* End PBXContainerItemProxy section */

/* Begin PBXCopyFilesBuildPhase section */
		F60A02E01E461F1C0050B7BA /* Embed Frameworks */ = {
			isa = PBXCopyFilesBuildPhase;
			buildActionMask = 2147483647;
			dstPath = "";
			dstSubfolderSpec = 10;
			files = (
				F60A02DC1E461F1C0050B7BA /* TBConfFramework.framework in Embed Frameworks */,
			);
			name = "Embed Frameworks";
			runOnlyForDeploymentPostprocessing = 0;
		};
		F61782D81E4728D200462509 /* Embed App Extensions */ = {
			isa = PBXCopyFilesBuildPhase;
			buildActionMask = 2147483647;
			dstPath = "";
			dstSubfolderSpec = 13;
			files = (
				F61782C51E4728D200462509 /* iOS.Conf Extension.appex in Embed App Extensions */,
			);
			name = "Embed App Extensions";
			runOnlyForDeploymentPostprocessing = 0;
		};
		F61782DA1E4728D200462509 /* Embed Watch Content */ = {
			isa = PBXCopyFilesBuildPhase;
			buildActionMask = 2147483647;
			dstPath = "$(CONTENTS_FOLDER_PATH)/Watch";
			dstSubfolderSpec = 16;
			files = (
				F61782D21E4728D200462509 /* iOS.Conf.app in Embed Watch Content */,
			);
			name = "Embed Watch Content";
			runOnlyForDeploymentPostprocessing = 0;
		};
		F61782F41E472A6500462509 /* Embed Frameworks */ = {
			isa = PBXCopyFilesBuildPhase;
			buildActionMask = 2147483647;
			dstPath = "";
			dstSubfolderSpec = 10;
			files = (
				F61782F01E472A6500462509 /* TBConfFrameworkWatch.framework in Embed Frameworks */,
			);
			name = "Embed Frameworks";
			runOnlyForDeploymentPostprocessing = 0;
		};
/* End PBXCopyFilesBuildPhase section */

/* Begin PBXFileReference section */
		1AA5496F1E4BB4BE001F9D43 /* VenueInterfaceController.swift */ = {isa = PBXFileReference; fileEncoding = 4; lastKnownFileType = sourcecode.swift; path = VenueInterfaceController.swift; sourceTree = "<group>"; };
		F60A02B81E4601180050B7BA /* StoreKit.framework */ = {isa = PBXFileReference; lastKnownFileType = wrapper.framework; name = StoreKit.framework; path = System/Library/Frameworks/StoreKit.framework; sourceTree = SDKROOT; };
		F60A02BB1E460E740050B7BA /* Speaker.swift */ = {isa = PBXFileReference; fileEncoding = 4; lastKnownFileType = sourcecode.swift; path = Speaker.swift; sourceTree = "<group>"; };
		F60A02BD1E46103F0050B7BA /* CloudKitManager.swift */ = {isa = PBXFileReference; fileEncoding = 4; lastKnownFileType = sourcecode.swift; path = CloudKitManager.swift; sourceTree = "<group>"; };
		F60A02BF1E4616970050B7BA /* Log.swift */ = {isa = PBXFileReference; fileEncoding = 4; lastKnownFileType = sourcecode.swift; name = Log.swift; path = ../iOSConf/Log.swift; sourceTree = "<group>"; };
		F60A02C61E461F1B0050B7BA /* TBConfFramework.framework */ = {isa = PBXFileReference; explicitFileType = wrapper.framework; includeInIndex = 0; path = TBConfFramework.framework; sourceTree = BUILT_PRODUCTS_DIR; };
		F60A02C81E461F1B0050B7BA /* TBConfFramework.h */ = {isa = PBXFileReference; lastKnownFileType = sourcecode.c.h; path = TBConfFramework.h; sourceTree = "<group>"; };
		F60A02C91E461F1B0050B7BA /* Info.plist */ = {isa = PBXFileReference; lastKnownFileType = text.plist.xml; path = Info.plist; sourceTree = "<group>"; };
		F60A02CE1E461F1C0050B7BA /* TBConfFrameworkTests.xctest */ = {isa = PBXFileReference; explicitFileType = wrapper.cfbundle; includeInIndex = 0; path = TBConfFrameworkTests.xctest; sourceTree = BUILT_PRODUCTS_DIR; };
		F60A02D51E461F1C0050B7BA /* TBConfFrameworkTests.swift */ = {isa = PBXFileReference; lastKnownFileType = sourcecode.swift; path = TBConfFrameworkTests.swift; sourceTree = "<group>"; };
		F60A02D71E461F1C0050B7BA /* Info.plist */ = {isa = PBXFileReference; lastKnownFileType = text.plist.xml; path = Info.plist; sourceTree = "<group>"; };
		F60A02E81E4623280050B7BA /* ScheduleItem.swift */ = {isa = PBXFileReference; fileEncoding = 4; lastKnownFileType = sourcecode.swift; path = ScheduleItem.swift; sourceTree = "<group>"; };
		F60A02EA1E46260C0050B7BA /* ScheduleViewController.swift */ = {isa = PBXFileReference; fileEncoding = 4; lastKnownFileType = sourcecode.swift; path = ScheduleViewController.swift; sourceTree = "<group>"; };
		F60A02EC1E4633E60050B7BA /* ScheduleTableViewCell.swift */ = {isa = PBXFileReference; fileEncoding = 4; lastKnownFileType = sourcecode.swift; path = ScheduleTableViewCell.swift; sourceTree = "<group>"; };
		F60A02EE1E4633F80050B7BA /* ScheduleSpeakerTableViewCell.swift */ = {isa = PBXFileReference; fileEncoding = 4; lastKnownFileType = sourcecode.swift; path = ScheduleSpeakerTableViewCell.swift; sourceTree = "<group>"; };
		F60A02F01E4653310050B7BA /* SpeakerTableViewCell.swift */ = {isa = PBXFileReference; fileEncoding = 4; lastKnownFileType = sourcecode.swift; path = SpeakerTableViewCell.swift; sourceTree = "<group>"; };
		F60A02F21E4653450050B7BA /* SpeakersViewController.swift */ = {isa = PBXFileReference; fileEncoding = 4; lastKnownFileType = sourcecode.swift; path = SpeakersViewController.swift; sourceTree = "<group>"; };
		F61782B81E4728D100462509 /* iOS.Conf.app */ = {isa = PBXFileReference; explicitFileType = wrapper.application; includeInIndex = 0; path = iOS.Conf.app; sourceTree = BUILT_PRODUCTS_DIR; };
		F61782BB1E4728D100462509 /* Base */ = {isa = PBXFileReference; lastKnownFileType = file.storyboard; name = Base; path = Base.lproj/Interface.storyboard; sourceTree = "<group>"; };
		F61782BD1E4728D100462509 /* Assets.xcassets */ = {isa = PBXFileReference; lastKnownFileType = folder.assetcatalog; path = Assets.xcassets; sourceTree = "<group>"; };
		F61782BF1E4728D100462509 /* Info.plist */ = {isa = PBXFileReference; lastKnownFileType = text.plist.xml; path = Info.plist; sourceTree = "<group>"; };
		F61782C41E4728D200462509 /* iOS.Conf Extension.appex */ = {isa = PBXFileReference; explicitFileType = "wrapper.app-extension"; includeInIndex = 0; path = "iOS.Conf Extension.appex"; sourceTree = BUILT_PRODUCTS_DIR; };
		F61782C91E4728D200462509 /* InterfaceController.swift */ = {isa = PBXFileReference; lastKnownFileType = sourcecode.swift; path = InterfaceController.swift; sourceTree = "<group>"; };
		F61782CB1E4728D200462509 /* ExtensionDelegate.swift */ = {isa = PBXFileReference; lastKnownFileType = sourcecode.swift; path = ExtensionDelegate.swift; sourceTree = "<group>"; };
		F61782CD1E4728D200462509 /* Assets.xcassets */ = {isa = PBXFileReference; lastKnownFileType = folder.assetcatalog; path = Assets.xcassets; sourceTree = "<group>"; };
		F61782CF1E4728D200462509 /* Info.plist */ = {isa = PBXFileReference; lastKnownFileType = text.plist.xml; path = Info.plist; sourceTree = "<group>"; };
		F61782E01E4728F700462509 /* iOS.Conf Extension.entitlements */ = {isa = PBXFileReference; lastKnownFileType = text.plist.entitlements; path = "iOS.Conf Extension.entitlements"; sourceTree = "<group>"; };
		F61782E11E4728F900462509 /* CloudKit.framework */ = {isa = PBXFileReference; lastKnownFileType = wrapper.framework; name = CloudKit.framework; path = Platforms/WatchOS.platform/Developer/SDKs/WatchOS3.1.sdk/System/Library/Frameworks/CloudKit.framework; sourceTree = DEVELOPER_DIR; };
		F61782E81E472A6400462509 /* TBConfFrameworkWatch.framework */ = {isa = PBXFileReference; explicitFileType = wrapper.framework; includeInIndex = 0; path = TBConfFrameworkWatch.framework; sourceTree = BUILT_PRODUCTS_DIR; };
		F61782EA1E472A6500462509 /* TBConfFrameworkWatch.h */ = {isa = PBXFileReference; lastKnownFileType = sourcecode.c.h; path = TBConfFrameworkWatch.h; sourceTree = "<group>"; };
		F61782EB1E472A6500462509 /* Info.plist */ = {isa = PBXFileReference; lastKnownFileType = text.plist.xml; path = Info.plist; sourceTree = "<group>"; };
		F61782FC1E47313A00462509 /* ScheduleRowController.swift */ = {isa = PBXFileReference; fileEncoding = 4; lastKnownFileType = sourcecode.swift; path = ScheduleRowController.swift; sourceTree = "<group>"; };
		F61783001E475AE100462509 /* TalkRowController.swift */ = {isa = PBXFileReference; fileEncoding = 4; lastKnownFileType = sourcecode.swift; path = TalkRowController.swift; sourceTree = "<group>"; };
		F67E52931E4515BC004518B6 /* LaunchViewController.swift */ = {isa = PBXFileReference; fileEncoding = 4; lastKnownFileType = sourcecode.swift; path = LaunchViewController.swift; sourceTree = "<group>"; };
		F67E52961E451835004518B6 /* GradientView.swift */ = {isa = PBXFileReference; fileEncoding = 4; lastKnownFileType = sourcecode.swift; path = GradientView.swift; sourceTree = "<group>"; };
		F67E52981E45188F004518B6 /* ConstraintsHandler.swift */ = {isa = PBXFileReference; fileEncoding = 4; lastKnownFileType = sourcecode.swift; path = ConstraintsHandler.swift; sourceTree = "<group>"; };
		F67E529B1E451B04004518B6 /* taxibeat.ttf */ = {isa = PBXFileReference; lastKnownFileType = file; path = taxibeat.ttf; sourceTree = "<group>"; };
		F67E529D1E45206A004518B6 /* iOSConf.entitlements */ = {isa = PBXFileReference; lastKnownFileType = text.plist.entitlements; path = iOSConf.entitlements; sourceTree = "<group>"; };
		F67E529F1E452075004518B6 /* CloudKit.framework */ = {isa = PBXFileReference; lastKnownFileType = wrapper.framework; name = CloudKit.framework; path = System/Library/Frameworks/CloudKit.framework; sourceTree = SDKROOT; };
		F67E52A11E4536D0004518B6 /* ConferenceViewController.swift */ = {isa = PBXFileReference; fileEncoding = 4; lastKnownFileType = sourcecode.swift; path = ConferenceViewController.swift; sourceTree = "<group>"; };
		F67E52A31E454414004518B6 /* UIImageHelpers.swift */ = {isa = PBXFileReference; fileEncoding = 4; lastKnownFileType = sourcecode.swift; path = UIImageHelpers.swift; sourceTree = "<group>"; };
		F67E52A51E454CA3004518B6 /* ConferenceTabBarViewController.swift */ = {isa = PBXFileReference; fileEncoding = 4; lastKnownFileType = sourcecode.swift; path = ConferenceTabBarViewController.swift; sourceTree = "<group>"; };
		F67E52A71E45D17D004518B6 /* MapKit.framework */ = {isa = PBXFileReference; lastKnownFileType = wrapper.framework; name = MapKit.framework; path = System/Library/Frameworks/MapKit.framework; sourceTree = SDKROOT; };
		F67E52A91E45D21C004518B6 /* VenueViewController.swift */ = {isa = PBXFileReference; fileEncoding = 4; lastKnownFileType = sourcecode.swift; path = VenueViewController.swift; sourceTree = "<group>"; };
		F69DC3391E4A576B00E55742 /* EventKit.framework */ = {isa = PBXFileReference; lastKnownFileType = wrapper.framework; name = EventKit.framework; path = System/Library/Frameworks/EventKit.framework; sourceTree = SDKROOT; };
		F69DC33B1E4A594500E55742 /* DateExtensions.swift */ = {isa = PBXFileReference; fileEncoding = 4; lastKnownFileType = sourcecode.swift; path = DateExtensions.swift; sourceTree = "<group>"; };
		F6AA7F3E1E43B8CC007C55E0 /* iOSConf.app */ = {isa = PBXFileReference; explicitFileType = wrapper.application; includeInIndex = 0; path = iOSConf.app; sourceTree = BUILT_PRODUCTS_DIR; };
		F6AA7F411E43B8CC007C55E0 /* AppDelegate.swift */ = {isa = PBXFileReference; lastKnownFileType = sourcecode.swift; path = AppDelegate.swift; sourceTree = "<group>"; };
		F6AA7F481E43B8CC007C55E0 /* Base */ = {isa = PBXFileReference; lastKnownFileType = file.storyboard; name = Base; path = Base.lproj/Main.storyboard; sourceTree = "<group>"; };
		F6AA7F4A1E43B8CC007C55E0 /* Assets.xcassets */ = {isa = PBXFileReference; lastKnownFileType = folder.assetcatalog; path = Assets.xcassets; sourceTree = "<group>"; };
		F6AA7F4D1E43B8CC007C55E0 /* Base */ = {isa = PBXFileReference; lastKnownFileType = file.storyboard; name = Base; path = Base.lproj/LaunchScreen.storyboard; sourceTree = "<group>"; };
		F6AA7F4F1E43B8CC007C55E0 /* Info.plist */ = {isa = PBXFileReference; lastKnownFileType = text.plist.xml; path = Info.plist; sourceTree = "<group>"; };
		F6AA7F541E43B8CD007C55E0 /* iOSConfTests.xctest */ = {isa = PBXFileReference; explicitFileType = wrapper.cfbundle; includeInIndex = 0; path = iOSConfTests.xctest; sourceTree = BUILT_PRODUCTS_DIR; };
		F6AA7F581E43B8CD007C55E0 /* iOSConfTests.swift */ = {isa = PBXFileReference; lastKnownFileType = sourcecode.swift; path = iOSConfTests.swift; sourceTree = "<group>"; };
		F6AA7F5A1E43B8CD007C55E0 /* Info.plist */ = {isa = PBXFileReference; lastKnownFileType = text.plist.xml; path = Info.plist; sourceTree = "<group>"; };
		F6AA7F5F1E43B8CD007C55E0 /* iOSConfUITests.xctest */ = {isa = PBXFileReference; explicitFileType = wrapper.cfbundle; includeInIndex = 0; path = iOSConfUITests.xctest; sourceTree = BUILT_PRODUCTS_DIR; };
		F6AA7F631E43B8CD007C55E0 /* iOSConfUITests.swift */ = {isa = PBXFileReference; lastKnownFileType = sourcecode.swift; path = iOSConfUITests.swift; sourceTree = "<group>"; };
		F6AA7F651E43B8CD007C55E0 /* Info.plist */ = {isa = PBXFileReference; lastKnownFileType = text.plist.xml; path = Info.plist; sourceTree = "<group>"; };
		F6FFFD671E5387D700B8FFDA /* SafariServices.framework */ = {isa = PBXFileReference; lastKnownFileType = wrapper.framework; name = SafariServices.framework; path = System/Library/Frameworks/SafariServices.framework; sourceTree = SDKROOT; };
/* End PBXFileReference section */

/* Begin PBXFrameworksBuildPhase section */
		F60A02C21E461F1B0050B7BA /* Frameworks */ = {
			isa = PBXFrameworksBuildPhase;
			buildActionMask = 2147483647;
			files = (
				F60A02E71E4621040050B7BA /* CloudKit.framework in Frameworks */,
			);
			runOnlyForDeploymentPostprocessing = 0;
		};
		F60A02CB1E461F1C0050B7BA /* Frameworks */ = {
			isa = PBXFrameworksBuildPhase;
			buildActionMask = 2147483647;
			files = (
				F60A02CF1E461F1C0050B7BA /* TBConfFramework.framework in Frameworks */,
			);
			runOnlyForDeploymentPostprocessing = 0;
		};
		F61782C11E4728D200462509 /* Frameworks */ = {
			isa = PBXFrameworksBuildPhase;
			buildActionMask = 2147483647;
			files = (
				F61782E21E4728F900462509 /* CloudKit.framework in Frameworks */,
				F61782EF1E472A6500462509 /* TBConfFrameworkWatch.framework in Frameworks */,
			);
			runOnlyForDeploymentPostprocessing = 0;
		};
		F61782E41E472A6400462509 /* Frameworks */ = {
			isa = PBXFrameworksBuildPhase;
			buildActionMask = 2147483647;
			files = (
				F61782F71E472A7F00462509 /* CloudKit.framework in Frameworks */,
			);
			runOnlyForDeploymentPostprocessing = 0;
		};
		F6AA7F3B1E43B8CC007C55E0 /* Frameworks */ = {
			isa = PBXFrameworksBuildPhase;
			buildActionMask = 2147483647;
			files = (
				F6FFFD681E5387D700B8FFDA /* SafariServices.framework in Frameworks */,
				F69DC33A1E4A576B00E55742 /* EventKit.framework in Frameworks */,
				F60A02B91E4601180050B7BA /* StoreKit.framework in Frameworks */,
				F67E52A81E45D17D004518B6 /* MapKit.framework in Frameworks */,
				F67E52A01E452075004518B6 /* CloudKit.framework in Frameworks */,
				F60A02DB1E461F1C0050B7BA /* TBConfFramework.framework in Frameworks */,
			);
			runOnlyForDeploymentPostprocessing = 0;
		};
		F6AA7F511E43B8CD007C55E0 /* Frameworks */ = {
			isa = PBXFrameworksBuildPhase;
			buildActionMask = 2147483647;
			files = (
			);
			runOnlyForDeploymentPostprocessing = 0;
		};
		F6AA7F5C1E43B8CD007C55E0 /* Frameworks */ = {
			isa = PBXFrameworksBuildPhase;
			buildActionMask = 2147483647;
			files = (
			);
			runOnlyForDeploymentPostprocessing = 0;
		};
/* End PBXFrameworksBuildPhase section */

/* Begin PBXGroup section */
		F60A02BA1E460E540050B7BA /* CloudKit Handling */ = {
			isa = PBXGroup;
			children = (
				F60A02BB1E460E740050B7BA /* Speaker.swift */,
				F60A02BD1E46103F0050B7BA /* CloudKitManager.swift */,
				F60A02E81E4623280050B7BA /* ScheduleItem.swift */,
			);
			name = "CloudKit Handling";
			path = ../iOSConf;
			sourceTree = "<group>";
		};
		F60A02C71E461F1B0050B7BA /* TBConfFramework */ = {
			isa = PBXGroup;
			children = (
				F60A02BF1E4616970050B7BA /* Log.swift */,
				F60A02BA1E460E540050B7BA /* CloudKit Handling */,
				F60A02C81E461F1B0050B7BA /* TBConfFramework.h */,
				F60A02C91E461F1B0050B7BA /* Info.plist */,
			);
			path = TBConfFramework;
			sourceTree = "<group>";
		};
		F60A02D41E461F1C0050B7BA /* TBConfFrameworkTests */ = {
			isa = PBXGroup;
			children = (
				F60A02D51E461F1C0050B7BA /* TBConfFrameworkTests.swift */,
				F60A02D71E461F1C0050B7BA /* Info.plist */,
			);
			path = TBConfFrameworkTests;
			sourceTree = "<group>";
		};
		F61782B91E4728D100462509 /* iOS.Conf */ = {
			isa = PBXGroup;
			children = (
				F61782BA1E4728D100462509 /* Interface.storyboard */,
				F61782BD1E4728D100462509 /* Assets.xcassets */,
				F61782BF1E4728D100462509 /* Info.plist */,
			);
			path = iOS.Conf;
			sourceTree = "<group>";
		};
		F61782C81E4728D200462509 /* iOS.Conf Extension */ = {
			isa = PBXGroup;
			children = (
				F61782E01E4728F700462509 /* iOS.Conf Extension.entitlements */,
				F61782C91E4728D200462509 /* InterfaceController.swift */,
				1AA5496F1E4BB4BE001F9D43 /* VenueInterfaceController.swift */,
				F61782CB1E4728D200462509 /* ExtensionDelegate.swift */,
				F61782FC1E47313A00462509 /* ScheduleRowController.swift */,
				F61783001E475AE100462509 /* TalkRowController.swift */,
				F61782CD1E4728D200462509 /* Assets.xcassets */,
				F61782CF1E4728D200462509 /* Info.plist */,
			);
			path = "iOS.Conf Extension";
			sourceTree = "<group>";
		};
		F61782E91E472A6500462509 /* TBConfFrameworkWatch */ = {
			isa = PBXGroup;
			children = (
				F61782EA1E472A6500462509 /* TBConfFrameworkWatch.h */,
				F61782EB1E472A6500462509 /* Info.plist */,
			);
			path = TBConfFrameworkWatch;
			sourceTree = "<group>";
		};
		F67E52951E451823004518B6 /* Helpers */ = {
			isa = PBXGroup;
			children = (
				F67E52961E451835004518B6 /* GradientView.swift */,
				F67E52981E45188F004518B6 /* ConstraintsHandler.swift */,
				F67E52A31E454414004518B6 /* UIImageHelpers.swift */,
				F69DC33B1E4A594500E55742 /* DateExtensions.swift */,
			);
			name = Helpers;
			sourceTree = "<group>";
		};
		F67E529A1E451AF3004518B6 /* Assets */ = {
			isa = PBXGroup;
			children = (
				F67E529B1E451B04004518B6 /* taxibeat.ttf */,
			);
			name = Assets;
			sourceTree = "<group>";
		};
		F67E529E1E452075004518B6 /* Frameworks */ = {
			isa = PBXGroup;
			children = (
				F6FFFD671E5387D700B8FFDA /* SafariServices.framework */,
				F69DC3391E4A576B00E55742 /* EventKit.framework */,
				F61782E11E4728F900462509 /* CloudKit.framework */,
				F60A02B81E4601180050B7BA /* StoreKit.framework */,
				F67E52A71E45D17D004518B6 /* MapKit.framework */,
				F67E529F1E452075004518B6 /* CloudKit.framework */,
			);
			name = Frameworks;
			sourceTree = "<group>";
		};
		F6AA7F351E43B8CC007C55E0 = {
			isa = PBXGroup;
			children = (
				F6AA7F401E43B8CC007C55E0 /* iOSConf */,
				F6AA7F571E43B8CD007C55E0 /* iOSConfTests */,
				F6AA7F621E43B8CD007C55E0 /* iOSConfUITests */,
				F60A02C71E461F1B0050B7BA /* TBConfFramework */,
				F60A02D41E461F1C0050B7BA /* TBConfFrameworkTests */,
				F61782B91E4728D100462509 /* iOS.Conf */,
				F61782C81E4728D200462509 /* iOS.Conf Extension */,
				F61782E91E472A6500462509 /* TBConfFrameworkWatch */,
				F6AA7F3F1E43B8CC007C55E0 /* Products */,
				F67E529E1E452075004518B6 /* Frameworks */,
			);
			sourceTree = "<group>";
		};
		F6AA7F3F1E43B8CC007C55E0 /* Products */ = {
			isa = PBXGroup;
			children = (
				F6AA7F3E1E43B8CC007C55E0 /* iOSConf.app */,
				F6AA7F541E43B8CD007C55E0 /* iOSConfTests.xctest */,
				F6AA7F5F1E43B8CD007C55E0 /* iOSConfUITests.xctest */,
				F60A02C61E461F1B0050B7BA /* TBConfFramework.framework */,
				F60A02CE1E461F1C0050B7BA /* TBConfFrameworkTests.xctest */,
				F61782B81E4728D100462509 /* iOS.Conf.app */,
				F61782C41E4728D200462509 /* iOS.Conf Extension.appex */,
				F61782E81E472A6400462509 /* TBConfFrameworkWatch.framework */,
			);
			name = Products;
			sourceTree = "<group>";
		};
		F6AA7F401E43B8CC007C55E0 /* iOSConf */ = {
			isa = PBXGroup;
			children = (
				F67E529D1E45206A004518B6 /* iOSConf.entitlements */,
				F67E529A1E451AF3004518B6 /* Assets */,
				F67E52951E451823004518B6 /* Helpers */,
				F6AA7F411E43B8CC007C55E0 /* AppDelegate.swift */,
				F67E52931E4515BC004518B6 /* LaunchViewController.swift */,
				F67E52A91E45D21C004518B6 /* VenueViewController.swift */,
				F60A02EA1E46260C0050B7BA /* ScheduleViewController.swift */,
				F60A02EC1E4633E60050B7BA /* ScheduleTableViewCell.swift */,
				F60A02EE1E4633F80050B7BA /* ScheduleSpeakerTableViewCell.swift */,
				F60A02F01E4653310050B7BA /* SpeakerTableViewCell.swift */,
				F60A02F21E4653450050B7BA /* SpeakersViewController.swift */,
				F67E52A11E4536D0004518B6 /* ConferenceViewController.swift */,
				F67E52A51E454CA3004518B6 /* ConferenceTabBarViewController.swift */,
				F6AA7F471E43B8CC007C55E0 /* Main.storyboard */,
				F6AA7F4A1E43B8CC007C55E0 /* Assets.xcassets */,
				F6AA7F4C1E43B8CC007C55E0 /* LaunchScreen.storyboard */,
				F6AA7F4F1E43B8CC007C55E0 /* Info.plist */,
			);
			path = iOSConf;
			sourceTree = "<group>";
		};
		F6AA7F571E43B8CD007C55E0 /* iOSConfTests */ = {
			isa = PBXGroup;
			children = (
				F6AA7F581E43B8CD007C55E0 /* iOSConfTests.swift */,
				F6AA7F5A1E43B8CD007C55E0 /* Info.plist */,
			);
			path = iOSConfTests;
			sourceTree = "<group>";
		};
		F6AA7F621E43B8CD007C55E0 /* iOSConfUITests */ = {
			isa = PBXGroup;
			children = (
				F6AA7F631E43B8CD007C55E0 /* iOSConfUITests.swift */,
				F6AA7F651E43B8CD007C55E0 /* Info.plist */,
			);
			path = iOSConfUITests;
			sourceTree = "<group>";
		};
/* End PBXGroup section */

/* Begin PBXHeadersBuildPhase section */
		F60A02C31E461F1B0050B7BA /* Headers */ = {
			isa = PBXHeadersBuildPhase;
			buildActionMask = 2147483647;
			files = (
				F60A02D81E461F1C0050B7BA /* TBConfFramework.h in Headers */,
			);
			runOnlyForDeploymentPostprocessing = 0;
		};
		F61782E51E472A6400462509 /* Headers */ = {
			isa = PBXHeadersBuildPhase;
			buildActionMask = 2147483647;
			files = (
				F61782EC1E472A6500462509 /* TBConfFrameworkWatch.h in Headers */,
			);
			runOnlyForDeploymentPostprocessing = 0;
		};
/* End PBXHeadersBuildPhase section */

/* Begin PBXNativeTarget section */
		F60A02C51E461F1B0050B7BA /* TBConfFramework */ = {
			isa = PBXNativeTarget;
			buildConfigurationList = F60A02DD1E461F1C0050B7BA /* Build configuration list for PBXNativeTarget "TBConfFramework" */;
			buildPhases = (
				F60A02C11E461F1B0050B7BA /* Sources */,
				F60A02C21E461F1B0050B7BA /* Frameworks */,
				F60A02C31E461F1B0050B7BA /* Headers */,
				F60A02C41E461F1B0050B7BA /* Resources */,
			);
			buildRules = (
			);
			dependencies = (
			);
			name = TBConfFramework;
			productName = TBConfFramework;
			productReference = F60A02C61E461F1B0050B7BA /* TBConfFramework.framework */;
			productType = "com.apple.product-type.framework";
		};
		F60A02CD1E461F1C0050B7BA /* TBConfFrameworkTests */ = {
			isa = PBXNativeTarget;
			buildConfigurationList = F60A02E11E461F1C0050B7BA /* Build configuration list for PBXNativeTarget "TBConfFrameworkTests" */;
			buildPhases = (
				F60A02CA1E461F1C0050B7BA /* Sources */,
				F60A02CB1E461F1C0050B7BA /* Frameworks */,
				F60A02CC1E461F1C0050B7BA /* Resources */,
			);
			buildRules = (
			);
			dependencies = (
				F60A02D11E461F1C0050B7BA /* PBXTargetDependency */,
				F60A02D31E461F1C0050B7BA /* PBXTargetDependency */,
			);
			name = TBConfFrameworkTests;
			productName = TBConfFrameworkTests;
			productReference = F60A02CE1E461F1C0050B7BA /* TBConfFrameworkTests.xctest */;
			productType = "com.apple.product-type.bundle.unit-test";
		};
		F61782B71E4728D100462509 /* iOS.Conf */ = {
			isa = PBXNativeTarget;
			buildConfigurationList = F61782D91E4728D200462509 /* Build configuration list for PBXNativeTarget "iOS.Conf" */;
			buildPhases = (
				F61782B61E4728D100462509 /* Resources */,
				F61782D81E4728D200462509 /* Embed App Extensions */,
			);
			buildRules = (
			);
			dependencies = (
				F61782C71E4728D200462509 /* PBXTargetDependency */,
			);
			name = iOS.Conf;
			productName = iOS.Conf;
			productReference = F61782B81E4728D100462509 /* iOS.Conf.app */;
			productType = "com.apple.product-type.application.watchapp2";
		};
		F61782C31E4728D200462509 /* iOS.Conf Extension */ = {
			isa = PBXNativeTarget;
			buildConfigurationList = F61782D71E4728D200462509 /* Build configuration list for PBXNativeTarget "iOS.Conf Extension" */;
			buildPhases = (
				F61782C01E4728D200462509 /* Sources */,
				F61782C11E4728D200462509 /* Frameworks */,
				F61782C21E4728D200462509 /* Resources */,
				F61782F41E472A6500462509 /* Embed Frameworks */,
			);
			buildRules = (
			);
			dependencies = (
				F61782EE1E472A6500462509 /* PBXTargetDependency */,
			);
			name = "iOS.Conf Extension";
			productName = "iOS.Conf Extension";
			productReference = F61782C41E4728D200462509 /* iOS.Conf Extension.appex */;
			productType = "com.apple.product-type.watchkit2-extension";
		};
		F61782E71E472A6400462509 /* TBConfFrameworkWatch */ = {
			isa = PBXNativeTarget;
			buildConfigurationList = F61782F11E472A6500462509 /* Build configuration list for PBXNativeTarget "TBConfFrameworkWatch" */;
			buildPhases = (
				F61782E31E472A6400462509 /* Sources */,
				F61782E41E472A6400462509 /* Frameworks */,
				F61782E51E472A6400462509 /* Headers */,
				F61782E61E472A6400462509 /* Resources */,
			);
			buildRules = (
			);
			dependencies = (
			);
			name = TBConfFrameworkWatch;
			productName = TBConfFrameworkWatch;
			productReference = F61782E81E472A6400462509 /* TBConfFrameworkWatch.framework */;
			productType = "com.apple.product-type.framework";
		};
		F6AA7F3D1E43B8CC007C55E0 /* iOSConf */ = {
			isa = PBXNativeTarget;
			buildConfigurationList = F6AA7F681E43B8CD007C55E0 /* Build configuration list for PBXNativeTarget "iOSConf" */;
			buildPhases = (
				F6AA7F3A1E43B8CC007C55E0 /* Sources */,
				F6AA7F3B1E43B8CC007C55E0 /* Frameworks */,
				F6AA7F3C1E43B8CC007C55E0 /* Resources */,
				F60A02E01E461F1C0050B7BA /* Embed Frameworks */,
				F61782DA1E4728D200462509 /* Embed Watch Content */,
			);
			buildRules = (
			);
			dependencies = (
				F60A02DA1E461F1C0050B7BA /* PBXTargetDependency */,
				F61782D11E4728D200462509 /* PBXTargetDependency */,
			);
			name = iOSConf;
			productName = iOSConf;
			productReference = F6AA7F3E1E43B8CC007C55E0 /* iOSConf.app */;
			productType = "com.apple.product-type.application";
		};
		F6AA7F531E43B8CD007C55E0 /* iOSConfTests */ = {
			isa = PBXNativeTarget;
			buildConfigurationList = F6AA7F6B1E43B8CD007C55E0 /* Build configuration list for PBXNativeTarget "iOSConfTests" */;
			buildPhases = (
				F6AA7F501E43B8CD007C55E0 /* Sources */,
				F6AA7F511E43B8CD007C55E0 /* Frameworks */,
				F6AA7F521E43B8CD007C55E0 /* Resources */,
			);
			buildRules = (
			);
			dependencies = (
				F6AA7F561E43B8CD007C55E0 /* PBXTargetDependency */,
			);
			name = iOSConfTests;
			productName = iOSConfTests;
			productReference = F6AA7F541E43B8CD007C55E0 /* iOSConfTests.xctest */;
			productType = "com.apple.product-type.bundle.unit-test";
		};
		F6AA7F5E1E43B8CD007C55E0 /* iOSConfUITests */ = {
			isa = PBXNativeTarget;
			buildConfigurationList = F6AA7F6E1E43B8CD007C55E0 /* Build configuration list for PBXNativeTarget "iOSConfUITests" */;
			buildPhases = (
				F6AA7F5B1E43B8CD007C55E0 /* Sources */,
				F6AA7F5C1E43B8CD007C55E0 /* Frameworks */,
				F6AA7F5D1E43B8CD007C55E0 /* Resources */,
			);
			buildRules = (
			);
			dependencies = (
				F6AA7F611E43B8CD007C55E0 /* PBXTargetDependency */,
			);
			name = iOSConfUITests;
			productName = iOSConfUITests;
			productReference = F6AA7F5F1E43B8CD007C55E0 /* iOSConfUITests.xctest */;
			productType = "com.apple.product-type.bundle.ui-testing";
		};
/* End PBXNativeTarget section */

/* Begin PBXProject section */
		F6AA7F361E43B8CC007C55E0 /* Project object */ = {
			isa = PBXProject;
			attributes = {
				LastSwiftUpdateCheck = 0820;
				LastUpgradeCheck = 0910;
				ORGANIZATIONNAME = "Taxibeat Ltd.";
				TargetAttributes = {
					F60A02C51E461F1B0050B7BA = {
						CreatedOnToolsVersion = 8.2.1;
						DevelopmentTeam = PMW49D46PG;
						LastSwiftMigration = 0910;
						ProvisioningStyle = Automatic;
					};
					F60A02CD1E461F1C0050B7BA = {
						CreatedOnToolsVersion = 8.2.1;
						DevelopmentTeam = PMW49D46PG;
						LastSwiftMigration = 0910;
						ProvisioningStyle = Automatic;
						TestTargetID = F6AA7F3D1E43B8CC007C55E0;
					};
					F61782B71E4728D100462509 = {
						CreatedOnToolsVersion = 8.2.1;
						DevelopmentTeam = PMW49D46PG;
						ProvisioningStyle = Automatic;
					};
					F61782C31E4728D200462509 = {
						CreatedOnToolsVersion = 8.2.1;
						DevelopmentTeam = PMW49D46PG;
						LastSwiftMigration = 0910;
						ProvisioningStyle = Automatic;
						SystemCapabilities = {
							com.apple.Push = {
								enabled = 1;
							};
							com.apple.iCloud = {
								enabled = 1;
							};
						};
					};
					F61782E71E472A6400462509 = {
						CreatedOnToolsVersion = 8.2.1;
						DevelopmentTeam = PMW49D46PG;
						LastSwiftMigration = 0910;
						ProvisioningStyle = Automatic;
					};
					F6AA7F3D1E43B8CC007C55E0 = {
						CreatedOnToolsVersion = 8.2.1;
						DevelopmentTeam = PMW49D46PG;
						LastSwiftMigration = 0910;
						ProvisioningStyle = Automatic;
						SystemCapabilities = {
							com.apple.Maps.iOS = {
								enabled = 1;
							};
							com.apple.Push = {
								enabled = 1;
							};
							com.apple.iCloud = {
								enabled = 1;
							};
						};
					};
					F6AA7F531E43B8CD007C55E0 = {
						CreatedOnToolsVersion = 8.2.1;
						DevelopmentTeam = PMW49D46PG;
						LastSwiftMigration = 0910;
						ProvisioningStyle = Automatic;
						TestTargetID = F6AA7F3D1E43B8CC007C55E0;
					};
					F6AA7F5E1E43B8CD007C55E0 = {
						CreatedOnToolsVersion = 8.2.1;
						DevelopmentTeam = PMW49D46PG;
						LastSwiftMigration = 0910;
						ProvisioningStyle = Automatic;
						TestTargetID = F6AA7F3D1E43B8CC007C55E0;
					};
				};
			};
			buildConfigurationList = F6AA7F391E43B8CC007C55E0 /* Build configuration list for PBXProject "iOSConf" */;
			compatibilityVersion = "Xcode 3.2";
			developmentRegion = English;
			hasScannedForEncodings = 0;
			knownRegions = (
				en,
				Base,
			);
			mainGroup = F6AA7F351E43B8CC007C55E0;
			productRefGroup = F6AA7F3F1E43B8CC007C55E0 /* Products */;
			projectDirPath = "";
			projectRoot = "";
			targets = (
				F6AA7F3D1E43B8CC007C55E0 /* iOSConf */,
				F6AA7F531E43B8CD007C55E0 /* iOSConfTests */,
				F6AA7F5E1E43B8CD007C55E0 /* iOSConfUITests */,
				F60A02C51E461F1B0050B7BA /* TBConfFramework */,
				F60A02CD1E461F1C0050B7BA /* TBConfFrameworkTests */,
				F61782B71E4728D100462509 /* iOS.Conf */,
				F61782C31E4728D200462509 /* iOS.Conf Extension */,
				F61782E71E472A6400462509 /* TBConfFrameworkWatch */,
			);
		};
/* End PBXProject section */

/* Begin PBXResourcesBuildPhase section */
		F60A02C41E461F1B0050B7BA /* Resources */ = {
			isa = PBXResourcesBuildPhase;
			buildActionMask = 2147483647;
			files = (
			);
			runOnlyForDeploymentPostprocessing = 0;
		};
		F60A02CC1E461F1C0050B7BA /* Resources */ = {
			isa = PBXResourcesBuildPhase;
			buildActionMask = 2147483647;
			files = (
			);
			runOnlyForDeploymentPostprocessing = 0;
		};
		F61782B61E4728D100462509 /* Resources */ = {
			isa = PBXResourcesBuildPhase;
			buildActionMask = 2147483647;
			files = (
				F61782BE1E4728D100462509 /* Assets.xcassets in Resources */,
				F61782BC1E4728D100462509 /* Interface.storyboard in Resources */,
			);
			runOnlyForDeploymentPostprocessing = 0;
		};
		F61782C21E4728D200462509 /* Resources */ = {
			isa = PBXResourcesBuildPhase;
			buildActionMask = 2147483647;
			files = (
				F61782CE1E4728D200462509 /* Assets.xcassets in Resources */,
			);
			runOnlyForDeploymentPostprocessing = 0;
		};
		F61782E61E472A6400462509 /* Resources */ = {
			isa = PBXResourcesBuildPhase;
			buildActionMask = 2147483647;
			files = (
			);
			runOnlyForDeploymentPostprocessing = 0;
		};
		F6AA7F3C1E43B8CC007C55E0 /* Resources */ = {
			isa = PBXResourcesBuildPhase;
			buildActionMask = 2147483647;
			files = (
				F6AA7F4E1E43B8CC007C55E0 /* LaunchScreen.storyboard in Resources */,
				F6AA7F4B1E43B8CC007C55E0 /* Assets.xcassets in Resources */,
				F67E529C1E451B04004518B6 /* taxibeat.ttf in Resources */,
				F6AA7F491E43B8CC007C55E0 /* Main.storyboard in Resources */,
			);
			runOnlyForDeploymentPostprocessing = 0;
		};
		F6AA7F521E43B8CD007C55E0 /* Resources */ = {
			isa = PBXResourcesBuildPhase;
			buildActionMask = 2147483647;
			files = (
			);
			runOnlyForDeploymentPostprocessing = 0;
		};
		F6AA7F5D1E43B8CD007C55E0 /* Resources */ = {
			isa = PBXResourcesBuildPhase;
			buildActionMask = 2147483647;
			files = (
			);
			runOnlyForDeploymentPostprocessing = 0;
		};
/* End PBXResourcesBuildPhase section */

/* Begin PBXSourcesBuildPhase section */
		F60A02C11E461F1B0050B7BA /* Sources */ = {
			isa = PBXSourcesBuildPhase;
			buildActionMask = 2147483647;
			files = (
				F60A02E51E461F2F0050B7BA /* CloudKitManager.swift in Sources */,
				F60A02E91E4623280050B7BA /* ScheduleItem.swift in Sources */,
				F60A02E41E461F2B0050B7BA /* Speaker.swift in Sources */,
				F60A02E61E461F3A0050B7BA /* Log.swift in Sources */,
			);
			runOnlyForDeploymentPostprocessing = 0;
		};
		F60A02CA1E461F1C0050B7BA /* Sources */ = {
			isa = PBXSourcesBuildPhase;
			buildActionMask = 2147483647;
			files = (
				F60A02D61E461F1C0050B7BA /* TBConfFrameworkTests.swift in Sources */,
			);
			runOnlyForDeploymentPostprocessing = 0;
		};
		F61782C01E4728D200462509 /* Sources */ = {
			isa = PBXSourcesBuildPhase;
			buildActionMask = 2147483647;
			files = (
				1AA549701E4BB4BE001F9D43 /* VenueInterfaceController.swift in Sources */,
				F61782CC1E4728D200462509 /* ExtensionDelegate.swift in Sources */,
				F61782FD1E47313A00462509 /* ScheduleRowController.swift in Sources */,
				F61783011E475AE100462509 /* TalkRowController.swift in Sources */,
				F61782CA1E4728D200462509 /* InterfaceController.swift in Sources */,
			);
			runOnlyForDeploymentPostprocessing = 0;
		};
		F61782E31E472A6400462509 /* Sources */ = {
			isa = PBXSourcesBuildPhase;
			buildActionMask = 2147483647;
			files = (
				F61782F81E472A8A00462509 /* Log.swift in Sources */,
				F61782FB1E472A9300462509 /* ScheduleItem.swift in Sources */,
				F61782F91E472A8D00462509 /* Speaker.swift in Sources */,
				F61782FA1E472A9000462509 /* CloudKitManager.swift in Sources */,
			);
			runOnlyForDeploymentPostprocessing = 0;
		};
		F6AA7F3A1E43B8CC007C55E0 /* Sources */ = {
			isa = PBXSourcesBuildPhase;
			buildActionMask = 2147483647;
			files = (
				F60A02EF1E4633F80050B7BA /* ScheduleSpeakerTableViewCell.swift in Sources */,
				F60A02F11E4653310050B7BA /* SpeakerTableViewCell.swift in Sources */,
				F6AA7F421E43B8CC007C55E0 /* AppDelegate.swift in Sources */,
				F60A02ED1E4633E60050B7BA /* ScheduleTableViewCell.swift in Sources */,
				F67E52A61E454CA3004518B6 /* ConferenceTabBarViewController.swift in Sources */,
				F67E52971E451835004518B6 /* GradientView.swift in Sources */,
				F67E52A41E454414004518B6 /* UIImageHelpers.swift in Sources */,
				F69DC33C1E4A594500E55742 /* DateExtensions.swift in Sources */,
				F67E52991E45188F004518B6 /* ConstraintsHandler.swift in Sources */,
				F67E52AA1E45D21C004518B6 /* VenueViewController.swift in Sources */,
				F67E52A21E4536D0004518B6 /* ConferenceViewController.swift in Sources */,
				F60A02EB1E46260D0050B7BA /* ScheduleViewController.swift in Sources */,
				F60A02F31E4653450050B7BA /* SpeakersViewController.swift in Sources */,
				F67E52941E4515BC004518B6 /* LaunchViewController.swift in Sources */,
			);
			runOnlyForDeploymentPostprocessing = 0;
		};
		F6AA7F501E43B8CD007C55E0 /* Sources */ = {
			isa = PBXSourcesBuildPhase;
			buildActionMask = 2147483647;
			files = (
				F6AA7F591E43B8CD007C55E0 /* iOSConfTests.swift in Sources */,
			);
			runOnlyForDeploymentPostprocessing = 0;
		};
		F6AA7F5B1E43B8CD007C55E0 /* Sources */ = {
			isa = PBXSourcesBuildPhase;
			buildActionMask = 2147483647;
			files = (
				F6AA7F641E43B8CD007C55E0 /* iOSConfUITests.swift in Sources */,
			);
			runOnlyForDeploymentPostprocessing = 0;
		};
/* End PBXSourcesBuildPhase section */

/* Begin PBXTargetDependency section */
		F60A02D11E461F1C0050B7BA /* PBXTargetDependency */ = {
			isa = PBXTargetDependency;
			target = F60A02C51E461F1B0050B7BA /* TBConfFramework */;
			targetProxy = F60A02D01E461F1C0050B7BA /* PBXContainerItemProxy */;
		};
		F60A02D31E461F1C0050B7BA /* PBXTargetDependency */ = {
			isa = PBXTargetDependency;
			target = F6AA7F3D1E43B8CC007C55E0 /* iOSConf */;
			targetProxy = F60A02D21E461F1C0050B7BA /* PBXContainerItemProxy */;
		};
		F60A02DA1E461F1C0050B7BA /* PBXTargetDependency */ = {
			isa = PBXTargetDependency;
			target = F60A02C51E461F1B0050B7BA /* TBConfFramework */;
			targetProxy = F60A02D91E461F1C0050B7BA /* PBXContainerItemProxy */;
		};
		F61782C71E4728D200462509 /* PBXTargetDependency */ = {
			isa = PBXTargetDependency;
			target = F61782C31E4728D200462509 /* iOS.Conf Extension */;
			targetProxy = F61782C61E4728D200462509 /* PBXContainerItemProxy */;
		};
		F61782D11E4728D200462509 /* PBXTargetDependency */ = {
			isa = PBXTargetDependency;
			target = F61782B71E4728D100462509 /* iOS.Conf */;
			targetProxy = F61782D01E4728D200462509 /* PBXContainerItemProxy */;
		};
		F61782EE1E472A6500462509 /* PBXTargetDependency */ = {
			isa = PBXTargetDependency;
			target = F61782E71E472A6400462509 /* TBConfFrameworkWatch */;
			targetProxy = F61782ED1E472A6500462509 /* PBXContainerItemProxy */;
		};
		F6AA7F561E43B8CD007C55E0 /* PBXTargetDependency */ = {
			isa = PBXTargetDependency;
			target = F6AA7F3D1E43B8CC007C55E0 /* iOSConf */;
			targetProxy = F6AA7F551E43B8CD007C55E0 /* PBXContainerItemProxy */;
		};
		F6AA7F611E43B8CD007C55E0 /* PBXTargetDependency */ = {
			isa = PBXTargetDependency;
			target = F6AA7F3D1E43B8CC007C55E0 /* iOSConf */;
			targetProxy = F6AA7F601E43B8CD007C55E0 /* PBXContainerItemProxy */;
		};
/* End PBXTargetDependency section */

/* Begin PBXVariantGroup section */
		F61782BA1E4728D100462509 /* Interface.storyboard */ = {
			isa = PBXVariantGroup;
			children = (
				F61782BB1E4728D100462509 /* Base */,
			);
			name = Interface.storyboard;
			sourceTree = "<group>";
		};
		F6AA7F471E43B8CC007C55E0 /* Main.storyboard */ = {
			isa = PBXVariantGroup;
			children = (
				F6AA7F481E43B8CC007C55E0 /* Base */,
			);
			name = Main.storyboard;
			sourceTree = "<group>";
		};
		F6AA7F4C1E43B8CC007C55E0 /* LaunchScreen.storyboard */ = {
			isa = PBXVariantGroup;
			children = (
				F6AA7F4D1E43B8CC007C55E0 /* Base */,
			);
			name = LaunchScreen.storyboard;
			sourceTree = "<group>";
		};
/* End PBXVariantGroup section */

/* Begin XCBuildConfiguration section */
		F60A02DE1E461F1C0050B7BA /* Debug */ = {
			isa = XCBuildConfiguration;
			buildSettings = {
				CODE_SIGN_IDENTITY = "";
				CURRENT_PROJECT_VERSION = 1;
				DEFINES_MODULE = YES;
				DEVELOPMENT_TEAM = PMW49D46PG;
				DYLIB_COMPATIBILITY_VERSION = 1;
				DYLIB_CURRENT_VERSION = 1;
				DYLIB_INSTALL_NAME_BASE = "@rpath";
				INFOPLIST_FILE = TBConfFramework/Info.plist;
				INSTALL_PATH = "$(LOCAL_LIBRARY_DIR)/Frameworks";
				IPHONEOS_DEPLOYMENT_TARGET = 9.0;
				LD_RUNPATH_SEARCH_PATHS = "$(inherited) @executable_path/Frameworks @loader_path/Frameworks";
				PRODUCT_BUNDLE_IDENTIFIER = com.taxibeat.TBConfFramework;
				PRODUCT_NAME = "$(TARGET_NAME)";
				SKIP_INSTALL = YES;
				SWIFT_SWIFT3_OBJC_INFERENCE = Default;
				SWIFT_VERSION = 4.0;
				TARGETED_DEVICE_FAMILY = "1,2";
				VERSIONING_SYSTEM = "apple-generic";
				VERSION_INFO_PREFIX = "";
			};
			name = Debug;
		};
		F60A02DF1E461F1C0050B7BA /* Release */ = {
			isa = XCBuildConfiguration;
			buildSettings = {
				CODE_SIGN_IDENTITY = "";
				CURRENT_PROJECT_VERSION = 1;
				DEFINES_MODULE = YES;
				DEVELOPMENT_TEAM = PMW49D46PG;
				DYLIB_COMPATIBILITY_VERSION = 1;
				DYLIB_CURRENT_VERSION = 1;
				DYLIB_INSTALL_NAME_BASE = "@rpath";
				INFOPLIST_FILE = TBConfFramework/Info.plist;
				INSTALL_PATH = "$(LOCAL_LIBRARY_DIR)/Frameworks";
				IPHONEOS_DEPLOYMENT_TARGET = 9.0;
				LD_RUNPATH_SEARCH_PATHS = "$(inherited) @executable_path/Frameworks @loader_path/Frameworks";
				PRODUCT_BUNDLE_IDENTIFIER = com.taxibeat.TBConfFramework;
				PRODUCT_NAME = "$(TARGET_NAME)";
				SKIP_INSTALL = YES;
				SWIFT_SWIFT3_OBJC_INFERENCE = Default;
				SWIFT_VERSION = 4.0;
				TARGETED_DEVICE_FAMILY = "1,2";
				VERSIONING_SYSTEM = "apple-generic";
				VERSION_INFO_PREFIX = "";
			};
			name = Release;
		};
		F60A02E21E461F1C0050B7BA /* Debug */ = {
			isa = XCBuildConfiguration;
			buildSettings = {
				ALWAYS_EMBED_SWIFT_STANDARD_LIBRARIES = YES;
				DEVELOPMENT_TEAM = PMW49D46PG;
				INFOPLIST_FILE = TBConfFrameworkTests/Info.plist;
				LD_RUNPATH_SEARCH_PATHS = "$(inherited) @executable_path/Frameworks @loader_path/Frameworks";
				PRODUCT_BUNDLE_IDENTIFIER = com.taxibeat.TBConfFrameworkTests;
				PRODUCT_NAME = "$(TARGET_NAME)";
				SWIFT_SWIFT3_OBJC_INFERENCE = Default;
				SWIFT_VERSION = 4.0;
				TEST_HOST = "$(BUILT_PRODUCTS_DIR)/iOSConf.app/iOSConf";
			};
			name = Debug;
		};
		F60A02E31E461F1C0050B7BA /* Release */ = {
			isa = XCBuildConfiguration;
			buildSettings = {
				ALWAYS_EMBED_SWIFT_STANDARD_LIBRARIES = YES;
				DEVELOPMENT_TEAM = PMW49D46PG;
				INFOPLIST_FILE = TBConfFrameworkTests/Info.plist;
				LD_RUNPATH_SEARCH_PATHS = "$(inherited) @executable_path/Frameworks @loader_path/Frameworks";
				PRODUCT_BUNDLE_IDENTIFIER = com.taxibeat.TBConfFrameworkTests;
				PRODUCT_NAME = "$(TARGET_NAME)";
				SWIFT_SWIFT3_OBJC_INFERENCE = Default;
				SWIFT_VERSION = 4.0;
				TEST_HOST = "$(BUILT_PRODUCTS_DIR)/iOSConf.app/iOSConf";
			};
			name = Release;
		};
		F61782D31E4728D200462509 /* Debug */ = {
			isa = XCBuildConfiguration;
			buildSettings = {
				ALWAYS_EMBED_SWIFT_STANDARD_LIBRARIES = YES;
				ASSETCATALOG_COMPILER_APPICON_NAME = AppIcon;
				DEVELOPMENT_TEAM = PMW49D46PG;
				IBSC_MODULE = iOS_Conf_Extension;
				INFOPLIST_FILE = iOS.Conf/Info.plist;
				PRODUCT_BUNDLE_IDENTIFIER = com.taxibeat.iOSConf.watchkitapp;
				PRODUCT_NAME = "$(TARGET_NAME)";
				SDKROOT = watchos;
				SKIP_INSTALL = YES;
				SWIFT_VERSION = 3.0;
				TARGETED_DEVICE_FAMILY = 4;
				WATCHOS_DEPLOYMENT_TARGET = 3.1;
			};
			name = Debug;
		};
		F61782D41E4728D200462509 /* Release */ = {
			isa = XCBuildConfiguration;
			buildSettings = {
				ALWAYS_EMBED_SWIFT_STANDARD_LIBRARIES = YES;
				ASSETCATALOG_COMPILER_APPICON_NAME = AppIcon;
				DEVELOPMENT_TEAM = PMW49D46PG;
				IBSC_MODULE = iOS_Conf_Extension;
				INFOPLIST_FILE = iOS.Conf/Info.plist;
				PRODUCT_BUNDLE_IDENTIFIER = com.taxibeat.iOSConf.watchkitapp;
				PRODUCT_NAME = "$(TARGET_NAME)";
				SDKROOT = watchos;
				SKIP_INSTALL = YES;
				SWIFT_VERSION = 3.0;
				TARGETED_DEVICE_FAMILY = 4;
				WATCHOS_DEPLOYMENT_TARGET = 3.1;
			};
			name = Release;
		};
		F61782D51E4728D200462509 /* Debug */ = {
			isa = XCBuildConfiguration;
			buildSettings = {
				ASSETCATALOG_COMPILER_COMPLICATION_NAME = Complication;
				CODE_SIGN_ENTITLEMENTS = "iOS.Conf Extension/iOS.Conf Extension.entitlements";
				DEVELOPMENT_TEAM = PMW49D46PG;
				INFOPLIST_FILE = "iOS.Conf Extension/Info.plist";
				LD_RUNPATH_SEARCH_PATHS = "$(inherited) @executable_path/Frameworks @executable_path/../../Frameworks";
				PRODUCT_BUNDLE_IDENTIFIER = com.taxibeat.iOSConf.watchkitapp.watchkitextension;
				PRODUCT_NAME = "${TARGET_NAME}";
				SDKROOT = watchos;
				SKIP_INSTALL = YES;
				SWIFT_SWIFT3_OBJC_INFERENCE = Default;
				SWIFT_VERSION = 4.0;
				TARGETED_DEVICE_FAMILY = 4;
				WATCHOS_DEPLOYMENT_TARGET = 3.0;
			};
			name = Debug;
		};
		F61782D61E4728D200462509 /* Release */ = {
			isa = XCBuildConfiguration;
			buildSettings = {
				ASSETCATALOG_COMPILER_COMPLICATION_NAME = Complication;
				CODE_SIGN_ENTITLEMENTS = "iOS.Conf Extension/iOS.Conf Extension.entitlements";
				DEVELOPMENT_TEAM = PMW49D46PG;
				INFOPLIST_FILE = "iOS.Conf Extension/Info.plist";
				LD_RUNPATH_SEARCH_PATHS = "$(inherited) @executable_path/Frameworks @executable_path/../../Frameworks";
				PRODUCT_BUNDLE_IDENTIFIER = com.taxibeat.iOSConf.watchkitapp.watchkitextension;
				PRODUCT_NAME = "${TARGET_NAME}";
				SDKROOT = watchos;
				SKIP_INSTALL = YES;
				SWIFT_SWIFT3_OBJC_INFERENCE = Default;
				SWIFT_VERSION = 4.0;
				TARGETED_DEVICE_FAMILY = 4;
				WATCHOS_DEPLOYMENT_TARGET = 3.0;
			};
			name = Release;
		};
		F61782F21E472A6500462509 /* Debug */ = {
			isa = XCBuildConfiguration;
			buildSettings = {
				APPLICATION_EXTENSION_API_ONLY = YES;
				CODE_SIGN_IDENTITY = "";
				CURRENT_PROJECT_VERSION = 1;
				DEFINES_MODULE = YES;
				DEVELOPMENT_TEAM = PMW49D46PG;
				DYLIB_COMPATIBILITY_VERSION = 1;
				DYLIB_CURRENT_VERSION = 1;
				DYLIB_INSTALL_NAME_BASE = "@rpath";
				INFOPLIST_FILE = TBConfFrameworkWatch/Info.plist;
				INSTALL_PATH = "$(LOCAL_LIBRARY_DIR)/Frameworks";
				LD_RUNPATH_SEARCH_PATHS = "$(inherited) @executable_path/Frameworks @loader_path/Frameworks";
				PRODUCT_BUNDLE_IDENTIFIER = com.taxibeat.TBConfFrameworkWatch;
				PRODUCT_NAME = "$(TARGET_NAME)";
				SDKROOT = watchos;
				SKIP_INSTALL = YES;
				SWIFT_SWIFT3_OBJC_INFERENCE = Default;
				SWIFT_VERSION = 4.0;
				TARGETED_DEVICE_FAMILY = 4;
				VERSIONING_SYSTEM = "apple-generic";
				VERSION_INFO_PREFIX = "";
				WATCHOS_DEPLOYMENT_TARGET = 3.0;
			};
			name = Debug;
		};
		F61782F31E472A6500462509 /* Release */ = {
			isa = XCBuildConfiguration;
			buildSettings = {
				APPLICATION_EXTENSION_API_ONLY = YES;
				CODE_SIGN_IDENTITY = "";
				CURRENT_PROJECT_VERSION = 1;
				DEFINES_MODULE = YES;
				DEVELOPMENT_TEAM = PMW49D46PG;
				DYLIB_COMPATIBILITY_VERSION = 1;
				DYLIB_CURRENT_VERSION = 1;
				DYLIB_INSTALL_NAME_BASE = "@rpath";
				INFOPLIST_FILE = TBConfFrameworkWatch/Info.plist;
				INSTALL_PATH = "$(LOCAL_LIBRARY_DIR)/Frameworks";
				LD_RUNPATH_SEARCH_PATHS = "$(inherited) @executable_path/Frameworks @loader_path/Frameworks";
				PRODUCT_BUNDLE_IDENTIFIER = com.taxibeat.TBConfFrameworkWatch;
				PRODUCT_NAME = "$(TARGET_NAME)";
				SDKROOT = watchos;
				SKIP_INSTALL = YES;
				SWIFT_SWIFT3_OBJC_INFERENCE = Default;
				SWIFT_VERSION = 4.0;
				TARGETED_DEVICE_FAMILY = 4;
				VERSIONING_SYSTEM = "apple-generic";
				VERSION_INFO_PREFIX = "";
				WATCHOS_DEPLOYMENT_TARGET = 3.0;
			};
			name = Release;
		};
		F6AA7F661E43B8CD007C55E0 /* Debug */ = {
			isa = XCBuildConfiguration;
			buildSettings = {
				ALWAYS_SEARCH_USER_PATHS = NO;
				CLANG_ANALYZER_NONNULL = YES;
				CLANG_CXX_LANGUAGE_STANDARD = "gnu++0x";
				CLANG_CXX_LIBRARY = "libc++";
				CLANG_ENABLE_MODULES = YES;
				CLANG_ENABLE_OBJC_ARC = YES;
				CLANG_WARN_BLOCK_CAPTURE_AUTORELEASING = YES;
				CLANG_WARN_BOOL_CONVERSION = YES;
				CLANG_WARN_COMMA = YES;
				CLANG_WARN_CONSTANT_CONVERSION = YES;
				CLANG_WARN_DIRECT_OBJC_ISA_USAGE = YES_ERROR;
				CLANG_WARN_DOCUMENTATION_COMMENTS = YES;
				CLANG_WARN_EMPTY_BODY = YES;
				CLANG_WARN_ENUM_CONVERSION = YES;
				CLANG_WARN_INFINITE_RECURSION = YES;
				CLANG_WARN_INT_CONVERSION = YES;
				CLANG_WARN_NON_LITERAL_NULL_CONVERSION = YES;
				CLANG_WARN_OBJC_LITERAL_CONVERSION = YES;
				CLANG_WARN_OBJC_ROOT_CLASS = YES_ERROR;
				CLANG_WARN_RANGE_LOOP_ANALYSIS = YES;
				CLANG_WARN_STRICT_PROTOTYPES = YES;
				CLANG_WARN_SUSPICIOUS_MOVE = YES;
				CLANG_WARN_UNREACHABLE_CODE = YES;
				CLANG_WARN__DUPLICATE_METHOD_MATCH = YES;
				"CODE_SIGN_IDENTITY[sdk=iphoneos*]" = "iPhone Developer";
				COPY_PHASE_STRIP = NO;
				DEBUG_INFORMATION_FORMAT = dwarf;
				ENABLE_STRICT_OBJC_MSGSEND = YES;
				ENABLE_TESTABILITY = YES;
				GCC_C_LANGUAGE_STANDARD = gnu99;
				GCC_DYNAMIC_NO_PIC = NO;
				GCC_NO_COMMON_BLOCKS = YES;
				GCC_OPTIMIZATION_LEVEL = 0;
				GCC_PREPROCESSOR_DEFINITIONS = (
					"DEBUG=1",
					"$(inherited)",
				);
				GCC_WARN_64_TO_32_BIT_CONVERSION = YES;
				GCC_WARN_ABOUT_RETURN_TYPE = YES_ERROR;
				GCC_WARN_UNDECLARED_SELECTOR = YES;
				GCC_WARN_UNINITIALIZED_AUTOS = YES_AGGRESSIVE;
				GCC_WARN_UNUSED_FUNCTION = YES;
				GCC_WARN_UNUSED_VARIABLE = YES;
				IPHONEOS_DEPLOYMENT_TARGET = 10.2;
				MTL_ENABLE_DEBUG_INFO = YES;
				ONLY_ACTIVE_ARCH = YES;
				SDKROOT = iphoneos;
				SWIFT_ACTIVE_COMPILATION_CONDITIONS = DEBUG;
				SWIFT_OPTIMIZATION_LEVEL = "-Onone";
			};
			name = Debug;
		};
		F6AA7F671E43B8CD007C55E0 /* Release */ = {
			isa = XCBuildConfiguration;
			buildSettings = {
				ALWAYS_SEARCH_USER_PATHS = NO;
				CLANG_ANALYZER_NONNULL = YES;
				CLANG_CXX_LANGUAGE_STANDARD = "gnu++0x";
				CLANG_CXX_LIBRARY = "libc++";
				CLANG_ENABLE_MODULES = YES;
				CLANG_ENABLE_OBJC_ARC = YES;
				CLANG_WARN_BLOCK_CAPTURE_AUTORELEASING = YES;
				CLANG_WARN_BOOL_CONVERSION = YES;
				CLANG_WARN_COMMA = YES;
				CLANG_WARN_CONSTANT_CONVERSION = YES;
				CLANG_WARN_DIRECT_OBJC_ISA_USAGE = YES_ERROR;
				CLANG_WARN_DOCUMENTATION_COMMENTS = YES;
				CLANG_WARN_EMPTY_BODY = YES;
				CLANG_WARN_ENUM_CONVERSION = YES;
				CLANG_WARN_INFINITE_RECURSION = YES;
				CLANG_WARN_INT_CONVERSION = YES;
				CLANG_WARN_NON_LITERAL_NULL_CONVERSION = YES;
				CLANG_WARN_OBJC_LITERAL_CONVERSION = YES;
				CLANG_WARN_OBJC_ROOT_CLASS = YES_ERROR;
				CLANG_WARN_RANGE_LOOP_ANALYSIS = YES;
				CLANG_WARN_STRICT_PROTOTYPES = YES;
				CLANG_WARN_SUSPICIOUS_MOVE = YES;
				CLANG_WARN_UNREACHABLE_CODE = YES;
				CLANG_WARN__DUPLICATE_METHOD_MATCH = YES;
				"CODE_SIGN_IDENTITY[sdk=iphoneos*]" = "iPhone Developer";
				COPY_PHASE_STRIP = NO;
				DEBUG_INFORMATION_FORMAT = "dwarf-with-dsym";
				ENABLE_NS_ASSERTIONS = NO;
				ENABLE_STRICT_OBJC_MSGSEND = YES;
				GCC_C_LANGUAGE_STANDARD = gnu99;
				GCC_NO_COMMON_BLOCKS = YES;
				GCC_WARN_64_TO_32_BIT_CONVERSION = YES;
				GCC_WARN_ABOUT_RETURN_TYPE = YES_ERROR;
				GCC_WARN_UNDECLARED_SELECTOR = YES;
				GCC_WARN_UNINITIALIZED_AUTOS = YES_AGGRESSIVE;
				GCC_WARN_UNUSED_FUNCTION = YES;
				GCC_WARN_UNUSED_VARIABLE = YES;
				IPHONEOS_DEPLOYMENT_TARGET = 10.2;
				MTL_ENABLE_DEBUG_INFO = NO;
				SDKROOT = iphoneos;
				SWIFT_OPTIMIZATION_LEVEL = "-Owholemodule";
				VALIDATE_PRODUCT = YES;
			};
			name = Release;
		};
		F6AA7F691E43B8CD007C55E0 /* Debug */ = {
			isa = XCBuildConfiguration;
			buildSettings = {
				ALWAYS_EMBED_SWIFT_STANDARD_LIBRARIES = YES;
				ASSETCATALOG_COMPILER_APPICON_NAME = AppIcon;
				CODE_SIGN_ENTITLEMENTS = iOSConf/iOSConf.entitlements;
				DEVELOPMENT_TEAM = PMW49D46PG;
				INFOPLIST_FILE = iOSConf/Info.plist;
				IPHONEOS_DEPLOYMENT_TARGET = 9.0;
				LD_RUNPATH_SEARCH_PATHS = "$(inherited) @executable_path/Frameworks";
				PRODUCT_BUNDLE_IDENTIFIER = com.taxibeat.iOSConf;
				PRODUCT_NAME = "$(TARGET_NAME)";
				SWIFT_SWIFT3_OBJC_INFERENCE = Default;
				SWIFT_VERSION = 4.0;
			};
			name = Debug;
		};
		F6AA7F6A1E43B8CD007C55E0 /* Release */ = {
			isa = XCBuildConfiguration;
			buildSettings = {
				ALWAYS_EMBED_SWIFT_STANDARD_LIBRARIES = YES;
				ASSETCATALOG_COMPILER_APPICON_NAME = AppIcon;
				CODE_SIGN_ENTITLEMENTS = iOSConf/iOSConf.entitlements;
				DEVELOPMENT_TEAM = PMW49D46PG;
				INFOPLIST_FILE = iOSConf/Info.plist;
				IPHONEOS_DEPLOYMENT_TARGET = 9.0;
				LD_RUNPATH_SEARCH_PATHS = "$(inherited) @executable_path/Frameworks";
				PRODUCT_BUNDLE_IDENTIFIER = com.taxibeat.iOSConf;
				PRODUCT_NAME = "$(TARGET_NAME)";
				SWIFT_SWIFT3_OBJC_INFERENCE = Default;
				SWIFT_VERSION = 4.0;
			};
			name = Release;
		};
		F6AA7F6C1E43B8CD007C55E0 /* Debug */ = {
			isa = XCBuildConfiguration;
			buildSettings = {
				ALWAYS_EMBED_SWIFT_STANDARD_LIBRARIES = YES;
				BUNDLE_LOADER = "$(TEST_HOST)";
				DEVELOPMENT_TEAM = PMW49D46PG;
				INFOPLIST_FILE = iOSConfTests/Info.plist;
				LD_RUNPATH_SEARCH_PATHS = "$(inherited) @executable_path/Frameworks @loader_path/Frameworks";
				PRODUCT_BUNDLE_IDENTIFIER = com.taxibeat.iOSConfTests;
				PRODUCT_NAME = "$(TARGET_NAME)";
				SWIFT_SWIFT3_OBJC_INFERENCE = On;
				SWIFT_VERSION = 4.0;
				TEST_HOST = "$(BUILT_PRODUCTS_DIR)/iOSConf.app/iOSConf";
			};
			name = Debug;
		};
		F6AA7F6D1E43B8CD007C55E0 /* Release */ = {
			isa = XCBuildConfiguration;
			buildSettings = {
				ALWAYS_EMBED_SWIFT_STANDARD_LIBRARIES = YES;
				BUNDLE_LOADER = "$(TEST_HOST)";
				DEVELOPMENT_TEAM = PMW49D46PG;
				INFOPLIST_FILE = iOSConfTests/Info.plist;
				LD_RUNPATH_SEARCH_PATHS = "$(inherited) @executable_path/Frameworks @loader_path/Frameworks";
				PRODUCT_BUNDLE_IDENTIFIER = com.taxibeat.iOSConfTests;
				PRODUCT_NAME = "$(TARGET_NAME)";
				SWIFT_SWIFT3_OBJC_INFERENCE = On;
				SWIFT_VERSION = 4.0;
				TEST_HOST = "$(BUILT_PRODUCTS_DIR)/iOSConf.app/iOSConf";
			};
			name = Release;
		};
		F6AA7F6F1E43B8CD007C55E0 /* Debug */ = {
			isa = XCBuildConfiguration;
			buildSettings = {
				ALWAYS_EMBED_SWIFT_STANDARD_LIBRARIES = YES;
				DEVELOPMENT_TEAM = PMW49D46PG;
				INFOPLIST_FILE = iOSConfUITests/Info.plist;
				LD_RUNPATH_SEARCH_PATHS = "$(inherited) @executable_path/Frameworks @loader_path/Frameworks";
				PRODUCT_BUNDLE_IDENTIFIER = com.taxibeat.iOSConfUITests;
				PRODUCT_NAME = "$(TARGET_NAME)";
				SWIFT_SWIFT3_OBJC_INFERENCE = On;
				SWIFT_VERSION = 4.0;
				TEST_TARGET_NAME = iOSConf;
			};
			name = Debug;
		};
		F6AA7F701E43B8CD007C55E0 /* Release */ = {
			isa = XCBuildConfiguration;
			buildSettings = {
				ALWAYS_EMBED_SWIFT_STANDARD_LIBRARIES = YES;
				DEVELOPMENT_TEAM = PMW49D46PG;
				INFOPLIST_FILE = iOSConfUITests/Info.plist;
				LD_RUNPATH_SEARCH_PATHS = "$(inherited) @executable_path/Frameworks @loader_path/Frameworks";
				PRODUCT_BUNDLE_IDENTIFIER = com.taxibeat.iOSConfUITests;
				PRODUCT_NAME = "$(TARGET_NAME)";
				SWIFT_SWIFT3_OBJC_INFERENCE = On;
				SWIFT_VERSION = 4.0;
				TEST_TARGET_NAME = iOSConf;
			};
			name = Release;
		};
/* End XCBuildConfiguration section */

/* Begin XCConfigurationList section */
		F60A02DD1E461F1C0050B7BA /* Build configuration list for PBXNativeTarget "TBConfFramework" */ = {
			isa = XCConfigurationList;
			buildConfigurations = (
				F60A02DE1E461F1C0050B7BA /* Debug */,
				F60A02DF1E461F1C0050B7BA /* Release */,
			);
			defaultConfigurationIsVisible = 0;
			defaultConfigurationName = Release;
		};
		F60A02E11E461F1C0050B7BA /* Build configuration list for PBXNativeTarget "TBConfFrameworkTests" */ = {
			isa = XCConfigurationList;
			buildConfigurations = (
				F60A02E21E461F1C0050B7BA /* Debug */,
				F60A02E31E461F1C0050B7BA /* Release */,
			);
			defaultConfigurationIsVisible = 0;
			defaultConfigurationName = Release;
		};
		F61782D71E4728D200462509 /* Build configuration list for PBXNativeTarget "iOS.Conf Extension" */ = {
			isa = XCConfigurationList;
			buildConfigurations = (
				F61782D51E4728D200462509 /* Debug */,
				F61782D61E4728D200462509 /* Release */,
			);
			defaultConfigurationIsVisible = 0;
			defaultConfigurationName = Release;
		};
		F61782D91E4728D200462509 /* Build configuration list for PBXNativeTarget "iOS.Conf" */ = {
			isa = XCConfigurationList;
			buildConfigurations = (
				F61782D31E4728D200462509 /* Debug */,
				F61782D41E4728D200462509 /* Release */,
			);
			defaultConfigurationIsVisible = 0;
			defaultConfigurationName = Release;
		};
		F61782F11E472A6500462509 /* Build configuration list for PBXNativeTarget "TBConfFrameworkWatch" */ = {
			isa = XCConfigurationList;
			buildConfigurations = (
				F61782F21E472A6500462509 /* Debug */,
				F61782F31E472A6500462509 /* Release */,
			);
			defaultConfigurationIsVisible = 0;
			defaultConfigurationName = Release;
		};
		F6AA7F391E43B8CC007C55E0 /* Build configuration list for PBXProject "iOSConf" */ = {
			isa = XCConfigurationList;
			buildConfigurations = (
				F6AA7F661E43B8CD007C55E0 /* Debug */,
				F6AA7F671E43B8CD007C55E0 /* Release */,
			);
			defaultConfigurationIsVisible = 0;
			defaultConfigurationName = Release;
		};
		F6AA7F681E43B8CD007C55E0 /* Build configuration list for PBXNativeTarget "iOSConf" */ = {
			isa = XCConfigurationList;
			buildConfigurations = (
				F6AA7F691E43B8CD007C55E0 /* Debug */,
				F6AA7F6A1E43B8CD007C55E0 /* Release */,
			);
			defaultConfigurationIsVisible = 0;
			defaultConfigurationName = Release;
		};
		F6AA7F6B1E43B8CD007C55E0 /* Build configuration list for PBXNativeTarget "iOSConfTests" */ = {
			isa = XCConfigurationList;
			buildConfigurations = (
				F6AA7F6C1E43B8CD007C55E0 /* Debug */,
				F6AA7F6D1E43B8CD007C55E0 /* Release */,
			);
			defaultConfigurationIsVisible = 0;
			defaultConfigurationName = Release;
		};
		F6AA7F6E1E43B8CD007C55E0 /* Build configuration list for PBXNativeTarget "iOSConfUITests" */ = {
			isa = XCConfigurationList;
			buildConfigurations = (
				F6AA7F6F1E43B8CD007C55E0 /* Debug */,
				F6AA7F701E43B8CD007C55E0 /* Release */,
			);
			defaultConfigurationIsVisible = 0;
			defaultConfigurationName = Release;
		};
/* End XCConfigurationList section */
	};
	rootObject = F6AA7F361E43B8CC007C55E0 /* Project object */;
}
